{
  "name": "Metasys Web Application",
  "lockfileVersion": 3,
  "requires": true,
  "packages": {
    "": {
      "dependencies": {
        "@azure/msal-browser": "^4.20.0"
      }
    },
    "node_modules/@azure/msal-browser": {
      "version": "4.20.0",
      "resolved": "https://registry.npmjs.org/@azure/msal-browser/-/msal-browser-4.20.0.tgz",
      "integrity": "sha512-JBGaxnYAvzFsT5TU6XhVpqc4XVMFjzsi6rrAVINX0PL3+wzs+k12fnvN/XFICvzCfV28NvHzxGfRRBoqE6GxNg==",
      "license": "MIT",
      "dependencies": {
        "@azure/msal-common": "15.11.0"
      },
      "engines": {
        "node": ">=0.8.0"
      }
    },
    "node_modules/@azure/msal-common": {
      "version": "15.11.0",
      "resolved": "https://registry.npmjs.org/@azure/msal-common/-/msal-common-15.11.0.tgz",
      "integrity": "sha512-1IseGNH6XGWe+5xhZlhasTJP6Ob7tnVSlfFUnjdeH4Kik0n1SORTmdB6xxTwbx9Ro8EuO0XaRzpdABWSf15sdg==",
      "license": "MIT",
      "engines": {
        "node": ">=0.8.0"
      }
    }
  }
}
